
Microsoft Visual Studio Solution File, Format Version 12.00
# Visual Studio Version 16
VisualStudioVersion = 16.0.30320.27
MinimumVisualStudioVersion = 10.0.40219.1
Project("{9A19103F-16F7-4668-BE54-9A1E7A4F7556}") = "AuthotizationBasics.Base", "AuthotizationBasics.Base\AuthotizationBasics.Base.csproj", "{6FA43DC6-95A5-4B33-A63A-1B391F5EF0A2}"
EndProject
Project("{9A19103F-16F7-4668-BE54-9A1E7A4F7556}") = "AuthotizationBasics.Roles", "AuthotizationBasics.Roles\AuthotizationBasics.Roles.csproj", "{CBA86B10-A0AC-4511-B4FD-47655EBC638D}"
EndProject
Project("{9A19103F-16F7-4668-BE54-9A1E7A4F7556}") = "AuthotizationBasics.Identity", "AuthotizationBasics.Identity\AuthotizationBasics.Identity.csproj", "{29855DCF-623C-4B05-A34A-EAB41D14917F}"
EndProject
Project("{9A19103F-16F7-4668-BE54-9A1E7A4F7556}") = "AuthotizationBasics.DB", "AuthotizationBasics.DB\AuthotizationBasics.DB.csproj", "{31B9A3D5-A2FE-4E90-9523-74E5F272033E}"
EndProject
Project("{9A19103F-16F7-4668-BE54-9A1E7A4F7556}") = "AuthotizationBasics.JwtBearer", "AuthotizationBasics.JwtBearer\AuthotizationBasics.JwtBearer.csproj", "{68CD25E2-DE47-4185-9B62-B43040E73FE0}"
EndProject
Global
	GlobalSection(SolutionConfigurationPlatforms) = preSolution
		Debug|Any CPU = Debug|Any CPU
		Release|Any CPU = Release|Any CPU
	EndGlobalSection
	GlobalSection(ProjectConfigurationPlatforms) = postSolution
		{6FA43DC6-95A5-4B33-A63A-1B391F5EF0A2}.Debug|Any CPU.ActiveCfg = Debug|Any CPU
		{6FA43DC6-95A5-4B33-A63A-1B391F5EF0A2}.Debug|Any CPU.Build.0 = Debug|Any CPU
		{6FA43DC6-95A5-4B33-A63A-1B391F5EF0A2}.Release|Any CPU.ActiveCfg = Release|Any CPU
		{6FA43DC6-95A5-4B33-A63A-1B391F5EF0A2}.Release|Any CPU.Build.0 = Release|Any CPU
		{CBA86B10-A0AC-4511-B4FD-47655EBC638D}.Debug|Any CPU.ActiveCfg = Debug|Any CPU
		{CBA86B10-A0AC-4511-B4FD-47655EBC638D}.Debug|Any CPU.Build.0 = Debug|Any CPU
		{CBA86B10-A0AC-4511-B4FD-47655EBC638D}.Release|Any CPU.ActiveCfg = Release|Any CPU
		{CBA86B10-A0AC-4511-B4FD-47655EBC638D}.Release|Any CPU.Build.0 = Release|Any CPU
		{29855DCF-623C-4B05-A34A-EAB41D14917F}.Debug|Any CPU.ActiveCfg = Debug|Any CPU
		{29855DCF-623C-4B05-A34A-EAB41D14917F}.Debug|Any CPU.Build.0 = Debug|Any CPU
		{29855DCF-623C-4B05-A34A-EAB41D14917F}.Release|Any CPU.ActiveCfg = Release|Any CPU
		{29855DCF-623C-4B05-A34A-EAB41D14917F}.Release|Any CPU.Build.0 = Release|Any CPU
		{31B9A3D5-A2FE-4E90-9523-74E5F272033E}.Debug|Any CPU.ActiveCfg = Debug|Any CPU
		{31B9A3D5-A2FE-4E90-9523-74E5F272033E}.Debug|Any CPU.Build.0 = Debug|Any CPU
		{31B9A3D5-A2FE-4E90-9523-74E5F272033E}.Release|Any CPU.ActiveCfg = Release|Any CPU
		{31B9A3D5-A2FE-4E90-9523-74E5F272033E}.Release|Any CPU.Build.0 = Release|Any CPU
		{68CD25E2-DE47-4185-9B62-B43040E73FE0}.Debug|Any CPU.ActiveCfg = Debug|Any CPU
		{68CD25E2-DE47-4185-9B62-B43040E73FE0}.Debug|Any CPU.Build.0 = Debug|Any CPU
		{68CD25E2-DE47-4185-9B62-B43040E73FE0}.Release|Any CPU.ActiveCfg = Release|Any CPU
		{68CD25E2-DE47-4185-9B62-B43040E73FE0}.Release|Any CPU.Build.0 = Release|Any CPU
	EndGlobalSection
	GlobalSection(SolutionProperties) = preSolution
		HideSolutionNode = FALSE
	EndGlobalSection
	GlobalSection(ExtensibilityGlobals) = postSolution
		SolutionGuid = {6274EAEC-A461-477D-9540-8D93F4922D80}
	EndGlobalSection
EndGlobal
